
Microsoft Visual Studio Solution File, Format Version 12.00
# Visual Studio Version 17
VisualStudioVersion = 17.4.33213.308
MinimumVisualStudioVersion = 10.0.40219.1
Project("{9A19103F-16F7-4668-BE54-9A1E7A4F7556}") = "CurrencyManager", "CurrencyManager\CurrencyManager.csproj", "{C126729C-E58F-46D5-BAD1-5481A2F8C5BC}"
EndProject
Project("{9A19103F-16F7-4668-BE54-9A1E7A4F7556}") = "TestCurrencyManager", "TestCurrencyManager\TestCurrencyManager.csproj", "{AEE31882-27DD-48CB-A7BF-F436B57EF87B}"
EndProject
Global
	GlobalSection(SolutionConfigurationPlatforms) = preSolution
		Debug|Any CPU = Debug|Any CPU
		Release|Any CPU = Release|Any CPU
	EndGlobalSection
	GlobalSection(ProjectConfigurationPlatforms) = postSolution
		{C126729C-E58F-46D5-BAD1-5481A2F8C5BC}.Debug|Any CPU.ActiveCfg = Debug|Any CPU
		{C126729C-E58F-46D5-BAD1-5481A2F8C5BC}.Debug|Any CPU.Build.0 = Debug|Any CPU
		{C126729C-E58F-46D5-BAD1-5481A2F8C5BC}.Release|Any CPU.ActiveCfg = Release|Any CPU
		{C126729C-E58F-46D5-BAD1-5481A2F8C5BC}.Release|Any CPU.Build.0 = Release|Any CPU
		{AEE31882-27DD-48CB-A7BF-F436B57EF87B}.Debug|Any CPU.ActiveCfg = Debug|Any CPU
		{AEE31882-27DD-48CB-A7BF-F436B57EF87B}.Debug|Any CPU.Build.0 = Debug|Any CPU
		{AEE31882-27DD-48CB-A7BF-F436B57EF87B}.Release|Any CPU.ActiveCfg = Release|Any CPU
		{AEE31882-27DD-48CB-A7BF-F436B57EF87B}.Release|Any CPU.Build.0 = Release|Any CPU
	EndGlobalSection
	GlobalSection(SolutionProperties) = preSolution
		HideSolutionNode = FALSE
	EndGlobalSection
	GlobalSection(ExtensibilityGlobals) = postSolution
		SolutionGuid = {DE1FDA82-E303-4DB3-99BA-4BF44E0FF367}
	EndGlobalSection
EndGlobal
